
Microsoft Visual Studio Solution File, Format Version 12.00
# Visual Studio Version 17
VisualStudioVersion = 17.2.32526.322
MinimumVisualStudioVersion = 10.0.40219.1
Project("{FAE04EC0-301F-11D3-BF4B-00C04F79EFBC}") = "OctusBridgeBRIDGE", "OctusBridgeBRIDGE\OctusBridgeBRIDGE.csproj", "{15505867-64D3-49D0-9F16-1BB2BFC49422}"
EndProject
Global
	GlobalSection(SolutionConfigurationPlatforms) = preSolution
		Debug|Any CPU = Debug|Any CPU
		Release|Any CPU = Release|Any CPU
	EndGlobalSection
	GlobalSection(ProjectConfigurationPlatforms) = postSolution
		{15505867-64D3-49D0-9F16-1BB2BFC49422}.Debug|Any CPU.ActiveCfg = Debug|Any CPU
		{15505867-64D3-49D0-9F16-1BB2BFC49422}.Debug|Any CPU.Build.0 = Debug|Any CPU
		{15505867-64D3-49D0-9F16-1BB2BFC49422}.Release|Any CPU.ActiveCfg = Release|Any CPU
		{15505867-64D3-49D0-9F16-1BB2BFC49422}.Release|Any CPU.Build.0 = Release|Any CPU
	EndGlobalSection
	GlobalSection(SolutionProperties) = preSolution
		HideSolutionNode = FALSE
	EndGlobalSection
	GlobalSection(ExtensibilityGlobals) = postSolution
		SolutionGuid = {06654EC5-E50E-4A5E-A8A2-94C29316CE63}
	EndGlobalSection
EndGlobal
